
Microsoft Visual Studio Solution File, Format Version 12.00
# Visual Studio Version 17
VisualStudioVersion = 17.6.33829.357
MinimumVisualStudioVersion = 10.0.40219.1
Project("{FAE04EC0-301F-11D3-BF4B-00C04F79EFBC}") = "CRUDEMPLOYEE", "CRUDEMPLOYEE\CRUDEMPLOYEE.csproj", "{5680A35F-06CA-409B-A570-DFDE966FC80F}"
EndProject
Global
	GlobalSection(SolutionConfigurationPlatforms) = preSolution
		Debug|Any CPU = Debug|Any CPU
		Release|Any CPU = Release|Any CPU
	EndGlobalSection
	GlobalSection(ProjectConfigurationPlatforms) = postSolution
		{5680A35F-06CA-409B-A570-DFDE966FC80F}.Debug|Any CPU.ActiveCfg = Debug|Any CPU
		{5680A35F-06CA-409B-A570-DFDE966FC80F}.Debug|Any CPU.Build.0 = Debug|Any CPU
		{5680A35F-06CA-409B-A570-DFDE966FC80F}.Release|Any CPU.ActiveCfg = Release|Any CPU
		{5680A35F-06CA-409B-A570-DFDE966FC80F}.Release|Any CPU.Build.0 = Release|Any CPU
	EndGlobalSection
	GlobalSection(SolutionProperties) = preSolution
		HideSolutionNode = FALSE
	EndGlobalSection
	GlobalSection(ExtensibilityGlobals) = postSolution
		SolutionGuid = {FC374072-1856-4261-9D1F-5C707EE5BDFA}
	EndGlobalSection
EndGlobal
